
Microsoft Visual Studio Solution File, Format Version 12.00
# Visual Studio Version 16
VisualStudioVersion = 16.0.30503.244
MinimumVisualStudioVersion = 10.0.40219.1
Project("{8BC9CEB8-8B4A-11D0-8D11-00A0C91BC942}") = "Задание 1", "O 1\C++\Задание1.vcxproj", "{6EED8224-5328-4546-9BC1-480562E44D4B}"
EndProject
Project("{8BC9CEB8-8B4A-11D0-8D11-00A0C91BC942}") = "Задание 2", "O 2\C++\Задание 2.vcxproj", "{88B18902-A2A3-4E5C-A9D4-D8C69F797DFA}"
EndProject
Project("{8BC9CEB8-8B4A-11D0-8D11-00A0C91BC942}") = "Задание 3", "O 3\C++\Задание 3.vcxproj", "{3BB29D8D-B647-464E-81BF-952C3EA5E5B1}"
EndProject
Project("{8BC9CEB8-8B4A-11D0-8D11-00A0C91BC942}") = "Задание 4", "O 4\C++\Задание 4.vcxproj", "{115B1C71-7D9C-4AFD-94C5-8F86BE892F64}"
EndProject
Project("{8BC9CEB8-8B4A-11D0-8D11-00A0C91BC942}") = "Задание 5", "O 5\C++\Задание 5.vcxproj", "{44BD35C3-EDC3-48DF-91EC-279B3F339B06}"
EndProject
Project("{8BC9CEB8-8B4A-11D0-8D11-00A0C91BC942}") = "Задание 6", "O 6\C++\Задание 6.vcxproj", "{D4F6FB23-9175-4DCF-A3FA-E3EA043CF700}"
EndProject
Project("{8BC9CEB8-8B4A-11D0-8D11-00A0C91BC942}") = "Задание 7", "O 7\C++\Задание 7.vcxproj", "{42B29C1A-2982-4D84-8EDC-07E5F79DC832}"
EndProject
Project("{8BC9CEB8-8B4A-11D0-8D11-00A0C91BC942}") = "Задание 8", "O 8\C++\Задание 8.vcxproj", "{4FF48488-9589-4EA4-8750-1C2DA0DC6ED6}"
EndProject
Project("{8BC9CEB8-8B4A-11D0-8D11-00A0C91BC942}") = "Задание 9", "O 9\C++\Задание 9.vcxproj", "{8C5B82F7-270B-48B4-9691-FB62CF9B495A}"
EndProject
Project("{8BC9CEB8-8B4A-11D0-8D11-00A0C91BC942}") = "Задание 10", "O10\C++\Задание 10.vcxproj", "{A4319E0B-034E-4FAF-B0FC-949ABE29D9AF}"
EndProject
Project("{8BC9CEB8-8B4A-11D0-8D11-00A0C91BC942}") = "Задание 11", "O11\C++\Задание 11.vcxproj", "{FE3C0CED-9320-4186-A456-7E41A8C9AAA5}"
EndProject
Project("{8BC9CEB8-8B4A-11D0-8D11-00A0C91BC942}") = "Задание 12", "O12\C++\Задание 12.vcxproj", "{CAC036EC-9ADC-4D3E-B288-B196A2EF9178}"
EndProject
Project("{8BC9CEB8-8B4A-11D0-8D11-00A0C91BC942}") = "Задание 13", "O13\C++\Задание 13.vcxproj", "{614C28D0-4AAE-4885-AEA5-0FFAE1126FBD}"
EndProject
Project("{8BC9CEB8-8B4A-11D0-8D11-00A0C91BC942}") = "Задание 14", "O14\C++\Задание 14.vcxproj", "{2351F32D-2064-4368-AB7A-3576132343A8}"
EndProject
Project("{8BC9CEB8-8B4A-11D0-8D11-00A0C91BC942}") = "Задание 15", "O15\C++\Задание 15.vcxproj", "{96B24E74-F6BF-4E12-A44E-0D840DE97427}"
EndProject
Project("{8BC9CEB8-8B4A-11D0-8D11-00A0C91BC942}") = "Задание  17", "O17\C++\Задание  17.vcxproj", "{95D1F2A3-43E4-4A2B-8159-1D9D4D2BF9EE}"
EndProject
Project("{8BC9CEB8-8B4A-11D0-8D11-00A0C91BC942}") = "Заание 18", "O18\C++\Заание 18\Заание 18.vcxproj", "{56F95A34-D224-4666-A295-D2AE0D5DEDAD}"
EndProject
Project("{8BC9CEB8-8B4A-11D0-8D11-00A0C91BC942}") = "Задание 19", "O19\C++\Задание 19\Задание 19.vcxproj", "{D7883446-2EA3-446E-865C-F484EC9D053C}"
EndProject
Project("{8BC9CEB8-8B4A-11D0-8D11-00A0C91BC942}") = "Задание 20", "O20\C++\Задание 20\Задание 20.vcxproj", "{A7FB7831-5496-4C42-B4A7-D0CEC252DB24}"
EndProject
Project("{8BC9CEB8-8B4A-11D0-8D11-00A0C91BC942}") = "Задание 21", "O21\C++\Задание 21\Задание 21.vcxproj", "{CE57D5AE-2F44-4F1A-B31A-632C571E13B7}"
EndProject
Project("{8BC9CEB8-8B4A-11D0-8D11-00A0C91BC942}") = "Задание 22", "O22\C++\Задание 22\Задание 22.vcxproj", "{807811E1-DD71-4894-A5CF-BA61BAED9AEF}"
EndProject
Project("{8BC9CEB8-8B4A-11D0-8D11-00A0C91BC942}") = "Задание 16", "O16\C++\Задание 16\Задание 16.vcxproj", "{AE10867F-D7A1-4791-8AE8-01DEC810F6A8}"
EndProject
Global
	GlobalSection(SolutionConfigurationPlatforms) = preSolution
		Debug|x64 = Debug|x64
		Debug|x86 = Debug|x86
		Release|x64 = Release|x64
		Release|x86 = Release|x86
	EndGlobalSection
	GlobalSection(ProjectConfigurationPlatforms) = postSolution
		{6EED8224-5328-4546-9BC1-480562E44D4B}.Debug|x64.ActiveCfg = Debug|x64
		{6EED8224-5328-4546-9BC1-480562E44D4B}.Debug|x64.Build.0 = Debug|x64
		{6EED8224-5328-4546-9BC1-480562E44D4B}.Debug|x86.ActiveCfg = Debug|Win32
		{6EED8224-5328-4546-9BC1-480562E44D4B}.Debug|x86.Build.0 = Debug|Win32
		{6EED8224-5328-4546-9BC1-480562E44D4B}.Release|x64.ActiveCfg = Release|x64
		{6EED8224-5328-4546-9BC1-480562E44D4B}.Release|x64.Build.0 = Release|x64
		{6EED8224-5328-4546-9BC1-480562E44D4B}.Release|x86.ActiveCfg = Release|Win32
		{6EED8224-5328-4546-9BC1-480562E44D4B}.Release|x86.Build.0 = Release|Win32
		{88B18902-A2A3-4E5C-A9D4-D8C69F797DFA}.Debug|x64.ActiveCfg = Debug|x64
		{88B18902-A2A3-4E5C-A9D4-D8C69F797DFA}.Debug|x64.Build.0 = Debug|x64
		{88B18902-A2A3-4E5C-A9D4-D8C69F797DFA}.Debug|x86.ActiveCfg = Debug|Win32
		{88B18902-A2A3-4E5C-A9D4-D8C69F797DFA}.Debug|x86.Build.0 = Debug|Win32
		{88B18902-A2A3-4E5C-A9D4-D8C69F797DFA}.Release|x64.ActiveCfg = Release|x64
		{88B18902-A2A3-4E5C-A9D4-D8C69F797DFA}.Release|x64.Build.0 = Release|x64
		{88B18902-A2A3-4E5C-A9D4-D8C69F797DFA}.Release|x86.ActiveCfg = Release|Win32
		{88B18902-A2A3-4E5C-A9D4-D8C69F797DFA}.Release|x86.Build.0 = Release|Win32
		{3BB29D8D-B647-464E-81BF-952C3EA5E5B1}.Debug|x64.ActiveCfg = Debug|x64
		{3BB29D8D-B647-464E-81BF-952C3EA5E5B1}.Debug|x64.Build.0 = Debug|x64
		{3BB29D8D-B647-464E-81BF-952C3EA5E5B1}.Debug|x86.ActiveCfg = Debug|Win32
		{3BB29D8D-B647-464E-81BF-952C3EA5E5B1}.Debug|x86.Build.0 = Debug|Win32
		{3BB29D8D-B647-464E-81BF-952C3EA5E5B1}.Release|x64.ActiveCfg = Release|x64
		{3BB29D8D-B647-464E-81BF-952C3EA5E5B1}.Release|x64.Build.0 = Release|x64
		{3BB29D8D-B647-464E-81BF-952C3EA5E5B1}.Release|x86.ActiveCfg = Release|Win32
		{3BB29D8D-B647-464E-81BF-952C3EA5E5B1}.Release|x86.Build.0 = Release|Win32
		{115B1C71-7D9C-4AFD-94C5-8F86BE892F64}.Debug|x64.ActiveCfg = Debug|x64
		{115B1C71-7D9C-4AFD-94C5-8F86BE892F64}.Debug|x64.Build.0 = Debug|x64
		{115B1C71-7D9C-4AFD-94C5-8F86BE892F64}.Debug|x86.ActiveCfg = Debug|Win32
		{115B1C71-7D9C-4AFD-94C5-8F86BE892F64}.Debug|x86.Build.0 = Debug|Win32
		{115B1C71-7D9C-4AFD-94C5-8F86BE892F64}.Release|x64.ActiveCfg = Release|x64
		{115B1C71-7D9C-4AFD-94C5-8F86BE892F64}.Release|x64.Build.0 = Release|x64
		{115B1C71-7D9C-4AFD-94C5-8F86BE892F64}.Release|x86.ActiveCfg = Release|Win32
		{115B1C71-7D9C-4AFD-94C5-8F86BE892F64}.Release|x86.Build.0 = Release|Win32
		{44BD35C3-EDC3-48DF-91EC-279B3F339B06}.Debug|x64.ActiveCfg = Debug|x64
		{44BD35C3-EDC3-48DF-91EC-279B3F339B06}.Debug|x64.Build.0 = Debug|x64
		{44BD35C3-EDC3-48DF-91EC-279B3F339B06}.Debug|x86.ActiveCfg = Debug|Win32
		{44BD35C3-EDC3-48DF-91EC-279B3F339B06}.Debug|x86.Build.0 = Debug|Win32
		{44BD35C3-EDC3-48DF-91EC-279B3F339B06}.Release|x64.ActiveCfg = Release|x64
		{44BD35C3-EDC3-48DF-91EC-279B3F339B06}.Release|x64.Build.0 = Release|x64
		{44BD35C3-EDC3-48DF-91EC-279B3F339B06}.Release|x86.ActiveCfg = Release|Win32
		{44BD35C3-EDC3-48DF-91EC-279B3F339B06}.Release|x86.Build.0 = Release|Win32
		{D4F6FB23-9175-4DCF-A3FA-E3EA043CF700}.Debug|x64.ActiveCfg = Debug|x64
		{D4F6FB23-9175-4DCF-A3FA-E3EA043CF700}.Debug|x64.Build.0 = Debug|x64
		{D4F6FB23-9175-4DCF-A3FA-E3EA043CF700}.Debug|x86.ActiveCfg = Debug|Win32
		{D4F6FB23-9175-4DCF-A3FA-E3EA043CF700}.Debug|x86.Build.0 = Debug|Win32
		{D4F6FB23-9175-4DCF-A3FA-E3EA043CF700}.Release|x64.ActiveCfg = Release|x64
		{D4F6FB23-9175-4DCF-A3FA-E3EA043CF700}.Release|x64.Build.0 = Release|x64
		{D4F6FB23-9175-4DCF-A3FA-E3EA043CF700}.Release|x86.ActiveCfg = Release|Win32
		{D4F6FB23-9175-4DCF-A3FA-E3EA043CF700}.Release|x86.Build.0 = Release|Win32
		{42B29C1A-2982-4D84-8EDC-07E5F79DC832}.Debug|x64.ActiveCfg = Debug|x64
		{42B29C1A-2982-4D84-8EDC-07E5F79DC832}.Debug|x64.Build.0 = Debug|x64
		{42B29C1A-2982-4D84-8EDC-07E5F79DC832}.Debug|x86.ActiveCfg = Debug|Win32
		{42B29C1A-2982-4D84-8EDC-07E5F79DC832}.Debug|x86.Build.0 = Debug|Win32
		{42B29C1A-2982-4D84-8EDC-07E5F79DC832}.Release|x64.ActiveCfg = Release|x64
		{42B29C1A-2982-4D84-8EDC-07E5F79DC832}.Release|x64.Build.0 = Release|x64
		{42B29C1A-2982-4D84-8EDC-07E5F79DC832}.Release|x86.ActiveCfg = Release|Win32
		{42B29C1A-2982-4D84-8EDC-07E5F79DC832}.Release|x86.Build.0 = Release|Win32
		{4FF48488-9589-4EA4-8750-1C2DA0DC6ED6}.Debug|x64.ActiveCfg = Debug|x64
		{4FF48488-9589-4EA4-8750-1C2DA0DC6ED6}.Debug|x64.Build.0 = Debug|x64
		{4FF48488-9589-4EA4-8750-1C2DA0DC6ED6}.Debug|x86.ActiveCfg = Debug|Win32
		{4FF48488-9589-4EA4-8750-1C2DA0DC6ED6}.Debug|x86.Build.0 = Debug|Win32
		{4FF48488-9589-4EA4-8750-1C2DA0DC6ED6}.Release|x64.ActiveCfg = Release|x64
		{4FF48488-9589-4EA4-8750-1C2DA0DC6ED6}.Release|x64.Build.0 = Release|x64
		{4FF48488-9589-4EA4-8750-1C2DA0DC6ED6}.Release|x86.ActiveCfg = Release|Win32
		{4FF48488-9589-4EA4-8750-1C2DA0DC6ED6}.Release|x86.Build.0 = Release|Win32
		{8C5B82F7-270B-48B4-9691-FB62CF9B495A}.Debug|x64.ActiveCfg = Debug|x64
		{8C5B82F7-270B-48B4-9691-FB62CF9B495A}.Debug|x64.Build.0 = Debug|x64
		{8C5B82F7-270B-48B4-9691-FB62CF9B495A}.Debug|x86.ActiveCfg = Debug|Win32
		{8C5B82F7-270B-48B4-9691-FB62CF9B495A}.Debug|x86.Build.0 = Debug|Win32
		{8C5B82F7-270B-48B4-9691-FB62CF9B495A}.Release|x64.ActiveCfg = Release|x64
		{8C5B82F7-270B-48B4-9691-FB62CF9B495A}.Release|x64.Build.0 = Release|x64
		{8C5B82F7-270B-48B4-9691-FB62CF9B495A}.Release|x86.ActiveCfg = Release|Win32
		{8C5B82F7-270B-48B4-9691-FB62CF9B495A}.Release|x86.Build.0 = Release|Win32
		{A4319E0B-034E-4FAF-B0FC-949ABE29D9AF}.Debug|x64.ActiveCfg = Debug|x64
		{A4319E0B-034E-4FAF-B0FC-949ABE29D9AF}.Debug|x64.Build.0 = Debug|x64
		{A4319E0B-034E-4FAF-B0FC-949ABE29D9AF}.Debug|x86.ActiveCfg = Debug|Win32
		{A4319E0B-034E-4FAF-B0FC-949ABE29D9AF}.Debug|x86.Build.0 = Debug|Win32
		{A4319E0B-034E-4FAF-B0FC-949ABE29D9AF}.Release|x64.ActiveCfg = Release|x64
		{A4319E0B-034E-4FAF-B0FC-949ABE29D9AF}.Release|x64.Build.0 = Release|x64
		{A4319E0B-034E-4FAF-B0FC-949ABE29D9AF}.Release|x86.ActiveCfg = Release|Win32
		{A4319E0B-034E-4FAF-B0FC-949ABE29D9AF}.Release|x86.Build.0 = Release|Win32
		{FE3C0CED-9320-4186-A456-7E41A8C9AAA5}.Debug|x64.ActiveCfg = Debug|x64
		{FE3C0CED-9320-4186-A456-7E41A8C9AAA5}.Debug|x64.Build.0 = Debug|x64
		{FE3C0CED-9320-4186-A456-7E41A8C9AAA5}.Debug|x86.ActiveCfg = Debug|Win32
		{FE3C0CED-9320-4186-A456-7E41A8C9AAA5}.Debug|x86.Build.0 = Debug|Win32
		{FE3C0CED-9320-4186-A456-7E41A8C9AAA5}.Release|x64.ActiveCfg = Release|x64
		{FE3C0CED-9320-4186-A456-7E41A8C9AAA5}.Release|x64.Build.0 = Release|x64
		{FE3C0CED-9320-4186-A456-7E41A8C9AAA5}.Release|x86.ActiveCfg = Release|Win32
		{FE3C0CED-9320-4186-A456-7E41A8C9AAA5}.Release|x86.Build.0 = Release|Win32
		{CAC036EC-9ADC-4D3E-B288-B196A2EF9178}.Debug|x64.ActiveCfg = Debug|x64
		{CAC036EC-9ADC-4D3E-B288-B196A2EF9178}.Debug|x64.Build.0 = Debug|x64
		{CAC036EC-9ADC-4D3E-B288-B196A2EF9178}.Debug|x86.ActiveCfg = Debug|Win32
		{CAC036EC-9ADC-4D3E-B288-B196A2EF9178}.Debug|x86.Build.0 = Debug|Win32
		{CAC036EC-9ADC-4D3E-B288-B196A2EF9178}.Release|x64.ActiveCfg = Release|x64
		{CAC036EC-9ADC-4D3E-B288-B196A2EF9178}.Release|x64.Build.0 = Release|x64
		{CAC036EC-9ADC-4D3E-B288-B196A2EF9178}.Release|x86.ActiveCfg = Release|Win32
		{CAC036EC-9ADC-4D3E-B288-B196A2EF9178}.Release|x86.Build.0 = Release|Win32
		{614C28D0-4AAE-4885-AEA5-0FFAE1126FBD}.Debug|x64.ActiveCfg = Debug|x64
		{614C28D0-4AAE-4885-AEA5-0FFAE1126FBD}.Debug|x64.Build.0 = Debug|x64
		{614C28D0-4AAE-4885-AEA5-0FFAE1126FBD}.Debug|x86.ActiveCfg = Debug|Win32
		{614C28D0-4AAE-4885-AEA5-0FFAE1126FBD}.Debug|x86.Build.0 = Debug|Win32
		{614C28D0-4AAE-4885-AEA5-0FFAE1126FBD}.Release|x64.ActiveCfg = Release|x64
		{614C28D0-4AAE-4885-AEA5-0FFAE1126FBD}.Release|x64.Build.0 = Release|x64
		{614C28D0-4AAE-4885-AEA5-0FFAE1126FBD}.Release|x86.ActiveCfg = Release|Win32
		{614C28D0-4AAE-4885-AEA5-0FFAE1126FBD}.Release|x86.Build.0 = Release|Win32
		{2351F32D-2064-4368-AB7A-3576132343A8}.Debug|x64.ActiveCfg = Debug|x64
		{2351F32D-2064-4368-AB7A-3576132343A8}.Debug|x64.Build.0 = Debug|x64
		{2351F32D-2064-4368-AB7A-3576132343A8}.Debug|x86.ActiveCfg = Debug|Win32
		{2351F32D-2064-4368-AB7A-3576132343A8}.Debug|x86.Build.0 = Debug|Win32
		{2351F32D-2064-4368-AB7A-3576132343A8}.Release|x64.ActiveCfg = Release|x64
		{2351F32D-2064-4368-AB7A-3576132343A8}.Release|x64.Build.0 = Release|x64
		{2351F32D-2064-4368-AB7A-3576132343A8}.Release|x86.ActiveCfg = Release|Win32
		{2351F32D-2064-4368-AB7A-3576132343A8}.Release|x86.Build.0 = Release|Win32
		{96B24E74-F6BF-4E12-A44E-0D840DE97427}.Debug|x64.ActiveCfg = Debug|x64
		{96B24E74-F6BF-4E12-A44E-0D840DE97427}.Debug|x64.Build.0 = Debug|x64
		{96B24E74-F6BF-4E12-A44E-0D840DE97427}.Debug|x86.ActiveCfg = Debug|Win32
		{96B24E74-F6BF-4E12-A44E-0D840DE97427}.Debug|x86.Build.0 = Debug|Win32
		{96B24E74-F6BF-4E12-A44E-0D840DE97427}.Release|x64.ActiveCfg = Release|x64
		{96B24E74-F6BF-4E12-A44E-0D840DE97427}.Release|x64.Build.0 = Release|x64
		{96B24E74-F6BF-4E12-A44E-0D840DE97427}.Release|x86.ActiveCfg = Release|Win32
		{96B24E74-F6BF-4E12-A44E-0D840DE97427}.Release|x86.Build.0 = Release|Win32
		{95D1F2A3-43E4-4A2B-8159-1D9D4D2BF9EE}.Debug|x64.ActiveCfg = Debug|x64
		{95D1F2A3-43E4-4A2B-8159-1D9D4D2BF9EE}.Debug|x64.Build.0 = Debug|x64
		{95D1F2A3-43E4-4A2B-8159-1D9D4D2BF9EE}.Debug|x86.ActiveCfg = Debug|Win32
		{95D1F2A3-43E4-4A2B-8159-1D9D4D2BF9EE}.Debug|x86.Build.0 = Debug|Win32
		{95D1F2A3-43E4-4A2B-8159-1D9D4D2BF9EE}.Release|x64.ActiveCfg = Release|x64
		{95D1F2A3-43E4-4A2B-8159-1D9D4D2BF9EE}.Release|x64.Build.0 = Release|x64
		{95D1F2A3-43E4-4A2B-8159-1D9D4D2BF9EE}.Release|x86.ActiveCfg = Release|Win32
		{95D1F2A3-43E4-4A2B-8159-1D9D4D2BF9EE}.Release|x86.Build.0 = Release|Win32
		{56F95A34-D224-4666-A295-D2AE0D5DEDAD}.Debug|x64.ActiveCfg = Debug|x64
		{56F95A34-D224-4666-A295-D2AE0D5DEDAD}.Debug|x64.Build.0 = Debug|x64
		{56F95A34-D224-4666-A295-D2AE0D5DEDAD}.Debug|x86.ActiveCfg = Debug|Win32
		{56F95A34-D224-4666-A295-D2AE0D5DEDAD}.Debug|x86.Build.0 = Debug|Win32
		{56F95A34-D224-4666-A295-D2AE0D5DEDAD}.Release|x64.ActiveCfg = Release|x64
		{56F95A34-D224-4666-A295-D2AE0D5DEDAD}.Release|x64.Build.0 = Release|x64
		{56F95A34-D224-4666-A295-D2AE0D5DEDAD}.Release|x86.ActiveCfg = Release|Win32
		{56F95A34-D224-4666-A295-D2AE0D5DEDAD}.Release|x86.Build.0 = Release|Win32
		{D7883446-2EA3-446E-865C-F484EC9D053C}.Debug|x64.ActiveCfg = Debug|x64
		{D7883446-2EA3-446E-865C-F484EC9D053C}.Debug|x64.Build.0 = Debug|x64
		{D7883446-2EA3-446E-865C-F484EC9D053C}.Debug|x86.ActiveCfg = Debug|Win32
		{D7883446-2EA3-446E-865C-F484EC9D053C}.Debug|x86.Build.0 = Debug|Win32
		{D7883446-2EA3-446E-865C-F484EC9D053C}.Release|x64.ActiveCfg = Release|x64
		{D7883446-2EA3-446E-865C-F484EC9D053C}.Release|x64.Build.0 = Release|x64
		{D7883446-2EA3-446E-865C-F484EC9D053C}.Release|x86.ActiveCfg = Release|Win32
		{D7883446-2EA3-446E-865C-F484EC9D053C}.Release|x86.Build.0 = Release|Win32
		{A7FB7831-5496-4C42-B4A7-D0CEC252DB24}.Debug|x64.ActiveCfg = Debug|x64
		{A7FB7831-5496-4C42-B4A7-D0CEC252DB24}.Debug|x64.Build.0 = Debug|x64
		{A7FB7831-5496-4C42-B4A7-D0CEC252DB24}.Debug|x86.ActiveCfg = Debug|Win32
		{A7FB7831-5496-4C42-B4A7-D0CEC252DB24}.Debug|x86.Build.0 = Debug|Win32
		{A7FB7831-5496-4C42-B4A7-D0CEC252DB24}.Release|x64.ActiveCfg = Release|x64
		{A7FB7831-5496-4C42-B4A7-D0CEC252DB24}.Release|x64.Build.0 = Release|x64
		{A7FB7831-5496-4C42-B4A7-D0CEC252DB24}.Release|x86.ActiveCfg = Release|Win32
		{A7FB7831-5496-4C42-B4A7-D0CEC252DB24}.Release|x86.Build.0 = Release|Win32
		{CE57D5AE-2F44-4F1A-B31A-632C571E13B7}.Debug|x64.ActiveCfg = Debug|x64
		{CE57D5AE-2F44-4F1A-B31A-632C571E13B7}.Debug|x64.Build.0 = Debug|x64
		{CE57D5AE-2F44-4F1A-B31A-632C571E13B7}.Debug|x86.ActiveCfg = Debug|Win32
		{CE57D5AE-2F44-4F1A-B31A-632C571E13B7}.Debug|x86.Build.0 = Debug|Win32
		{CE57D5AE-2F44-4F1A-B31A-632C571E13B7}.Release|x64.ActiveCfg = Release|x64
		{CE57D5AE-2F44-4F1A-B31A-632C571E13B7}.Release|x64.Build.0 = Release|x64
		{CE57D5AE-2F44-4F1A-B31A-632C571E13B7}.Release|x86.ActiveCfg = Release|Win32
		{CE57D5AE-2F44-4F1A-B31A-632C571E13B7}.Release|x86.Build.0 = Release|Win32
		{807811E1-DD71-4894-A5CF-BA61BAED9AEF}.Debug|x64.ActiveCfg = Debug|x64
		{807811E1-DD71-4894-A5CF-BA61BAED9AEF}.Debug|x64.Build.0 = Debug|x64
		{807811E1-DD71-4894-A5CF-BA61BAED9AEF}.Debug|x86.ActiveCfg = Debug|Win32
		{807811E1-DD71-4894-A5CF-BA61BAED9AEF}.Debug|x86.Build.0 = Debug|Win32
		{807811E1-DD71-4894-A5CF-BA61BAED9AEF}.Release|x64.ActiveCfg = Release|x64
		{807811E1-DD71-4894-A5CF-BA61BAED9AEF}.Release|x64.Build.0 = Release|x64
		{807811E1-DD71-4894-A5CF-BA61BAED9AEF}.Release|x86.ActiveCfg = Release|Win32
		{807811E1-DD71-4894-A5CF-BA61BAED9AEF}.Release|x86.Build.0 = Release|Win32
		{AE10867F-D7A1-4791-8AE8-01DEC810F6A8}.Debug|x64.ActiveCfg = Debug|x64
		{AE10867F-D7A1-4791-8AE8-01DEC810F6A8}.Debug|x64.Build.0 = Debug|x64
		{AE10867F-D7A1-4791-8AE8-01DEC810F6A8}.Debug|x86.ActiveCfg = Debug|Win32
		{AE10867F-D7A1-4791-8AE8-01DEC810F6A8}.Debug|x86.Build.0 = Debug|Win32
		{AE10867F-D7A1-4791-8AE8-01DEC810F6A8}.Release|x64.ActiveCfg = Release|x64
		{AE10867F-D7A1-4791-8AE8-01DEC810F6A8}.Release|x64.Build.0 = Release|x64
		{AE10867F-D7A1-4791-8AE8-01DEC810F6A8}.Release|x86.ActiveCfg = Release|Win32
		{AE10867F-D7A1-4791-8AE8-01DEC810F6A8}.Release|x86.Build.0 = Release|Win32
	EndGlobalSection
	GlobalSection(SolutionProperties) = preSolution
		HideSolutionNode = FALSE
	EndGlobalSection
	GlobalSection(ExtensibilityGlobals) = postSolution
		SolutionGuid = {19CD78EF-44A4-4BE6-B220-D8BABAEF3E21}
	EndGlobalSection
EndGlobal
