<?xml version="1.0" encoding="utf-8"?>
<Project ToolsVersion="4.0" xmlns="http://schemas.microsoft.com/developer/msbuild/2003">
  <ItemGroup>
    <Filter Include="C++">
      <UniqueIdentifier>{e1ba0157-9ac0-49cd-91c3-b74f9611082e}</UniqueIdentifier>
    </Filter>
    <Filter Include="Pyton">
      <UniqueIdentifier>{2288968e-51c4-44a9-bc52-efa0576a8d2c}</UniqueIdentifier>
    </Filter>
    <Filter Include="C++\cpp-httplib">
      <UniqueIdentifier>{daa9ba9d-acfb-4b52-bb59-d3723aeb1108}</UniqueIdentifier>
    </Filter>
    <Filter Include="C++\nlohmann">
      <UniqueIdentifier>{ca2c4894-3c0a-4468-b1c4-e96492d10f19}</UniqueIdentifier>
    </Filter>
  </ItemGroup>
  <ItemGroup>
    <ClCompile Include="Project1.vcxproj">
      <Filter>C++</Filter>
    </ClCompile>
    <ClCompile Include="main.cpp">
      <Filter>C++</Filter>
    </ClCompile>
    <ClCompile Include="Project1.vcxproj.filters">
      <Filter>C++</Filter>
    </ClCompile>
    <ClCompile Include="Project1.vcxproj.user">
      <Filter>C++</Filter>
    </ClCompile>
    <ClCompile Include="build.sh">
      <Filter>C++</Filter>
    </ClCompile>
    <ClCompile Include="yandex.cpp">
      <Filter>C++</Filter>
    </ClCompile>
    <ClCompile Include="webhooks.html">
      <Filter>C++</Filter>
    </ClCompile>
    <ClCompile Include="webhooks.cpp">
      <Filter>C++</Filter>
    </ClCompile>
    <ClCompile Include="script.py">
      <Filter>Pyton</Filter>
    </ClCompile>
    <ClCompile Include="httplib.h">
      <Filter>C++\cpp-httplib</Filter>
    </ClCompile>
    <ClCompile Include="Source.cpp">
      <Filter>C++\nlohmann</Filter>
    </ClCompile>
  </ItemGroup>
  <ItemGroup>
    <ClInclude Include="Header.h">
      <Filter>C++</Filter>
    </ClInclude>
    <ClInclude Include="Project1.sln">
      <Filter>C++</Filter>
    </ClInclude>
  </ItemGroup>
</Project>