
Microsoft Visual Studio Solution File, Format Version 12.00
# Visual Studio Version 16
VisualStudioVersion = 16.0.30517.126
MinimumVisualStudioVersion = 10.0.40219.1
Project("{888888A0-9F3D-457C-B088-3A5042F75D52}") = "Pyton", "Pyton\Pyton.pyproj", "{455CA098-86AA-401F-A2BF-0D14EEF41259}"
EndProject
Global
	GlobalSection(SolutionConfigurationPlatforms) = preSolution
		Debug|Any CPU = Debug|Any CPU
		Release|Any CPU = Release|Any CPU
	EndGlobalSection
	GlobalSection(ProjectConfigurationPlatforms) = postSolution
		{455CA098-86AA-401F-A2BF-0D14EEF41259}.Debug|Any CPU.ActiveCfg = Debug|Any CPU
		{455CA098-86AA-401F-A2BF-0D14EEF41259}.Release|Any CPU.ActiveCfg = Release|Any CPU
	EndGlobalSection
	GlobalSection(SolutionProperties) = preSolution
		HideSolutionNode = FALSE
	EndGlobalSection
	GlobalSection(ExtensibilityGlobals) = postSolution
		SolutionGuid = {524B5E34-6AAD-42B0-A05A-9565A0F2F4D4}
	EndGlobalSection
EndGlobal
