
Microsoft Visual Studio Solution File, Format Version 12.00
# Visual Studio Version 16
VisualStudioVersion = 16.0.30517.126
MinimumVisualStudioVersion = 10.0.40219.1
Project("{888888A0-9F3D-457C-B088-3A5042F75D52}") = "Pyton", "Pyton\Pyton.pyproj", "{3466071C-2378-4272-9835-2566AD74F808}"
EndProject
Global
	GlobalSection(SolutionConfigurationPlatforms) = preSolution
		Debug|Any CPU = Debug|Any CPU
		Release|Any CPU = Release|Any CPU
	EndGlobalSection
	GlobalSection(ProjectConfigurationPlatforms) = postSolution
		{3466071C-2378-4272-9835-2566AD74F808}.Debug|Any CPU.ActiveCfg = Debug|Any CPU
		{3466071C-2378-4272-9835-2566AD74F808}.Release|Any CPU.ActiveCfg = Release|Any CPU
	EndGlobalSection
	GlobalSection(SolutionProperties) = preSolution
		HideSolutionNode = FALSE
	EndGlobalSection
	GlobalSection(ExtensibilityGlobals) = postSolution
		SolutionGuid = {CE043E95-C116-4738-86CF-B5D3226F86C5}
	EndGlobalSection
EndGlobal
