
Microsoft Visual Studio Solution File, Format Version 12.00
# Visual Studio Version 16
VisualStudioVersion = 16.0.30517.126
MinimumVisualStudioVersion = 10.0.40219.1
Project("{8BC9CEB8-8B4A-11D0-8D11-00A0C91BC942}") = "Задание 28", "Задание 28\Задание 28.vcxproj", "{032D3B01-ED5B-4424-B98A-5CF10B18417D}"
EndProject
Global
	GlobalSection(SolutionConfigurationPlatforms) = preSolution
		Debug|x64 = Debug|x64
		Debug|x86 = Debug|x86
		Release|x64 = Release|x64
		Release|x86 = Release|x86
	EndGlobalSection
	GlobalSection(ProjectConfigurationPlatforms) = postSolution
		{032D3B01-ED5B-4424-B98A-5CF10B18417D}.Debug|x64.ActiveCfg = Debug|x64
		{032D3B01-ED5B-4424-B98A-5CF10B18417D}.Debug|x64.Build.0 = Debug|x64
		{032D3B01-ED5B-4424-B98A-5CF10B18417D}.Debug|x86.ActiveCfg = Debug|Win32
		{032D3B01-ED5B-4424-B98A-5CF10B18417D}.Debug|x86.Build.0 = Debug|Win32
		{032D3B01-ED5B-4424-B98A-5CF10B18417D}.Release|x64.ActiveCfg = Release|x64
		{032D3B01-ED5B-4424-B98A-5CF10B18417D}.Release|x64.Build.0 = Release|x64
		{032D3B01-ED5B-4424-B98A-5CF10B18417D}.Release|x86.ActiveCfg = Release|Win32
		{032D3B01-ED5B-4424-B98A-5CF10B18417D}.Release|x86.Build.0 = Release|Win32
	EndGlobalSection
	GlobalSection(SolutionProperties) = preSolution
		HideSolutionNode = FALSE
	EndGlobalSection
	GlobalSection(ExtensibilityGlobals) = postSolution
		SolutionGuid = {64FA2AFB-7A4F-4DC2-AA12-BCBFB12AF7C7}
	EndGlobalSection
EndGlobal
