
Microsoft Visual Studio Solution File, Format Version 12.00
# Visual Studio Version 16
VisualStudioVersion = 16.0.30517.126
MinimumVisualStudioVersion = 10.0.40219.1
Project("{888888A0-9F3D-457C-B088-3A5042F75D52}") = "Pyton", "Pyton\Pyton.pyproj", "{FDEBD465-D8B0-40D9-B4DA-DD2AFD7119DC}"
EndProject
Global
	GlobalSection(SolutionConfigurationPlatforms) = preSolution
		Debug|Any CPU = Debug|Any CPU
		Release|Any CPU = Release|Any CPU
	EndGlobalSection
	GlobalSection(ProjectConfigurationPlatforms) = postSolution
		{FDEBD465-D8B0-40D9-B4DA-DD2AFD7119DC}.Debug|Any CPU.ActiveCfg = Debug|Any CPU
		{FDEBD465-D8B0-40D9-B4DA-DD2AFD7119DC}.Release|Any CPU.ActiveCfg = Release|Any CPU
	EndGlobalSection
	GlobalSection(SolutionProperties) = preSolution
		HideSolutionNode = FALSE
	EndGlobalSection
	GlobalSection(ExtensibilityGlobals) = postSolution
		SolutionGuid = {566D288D-21C2-417A-A9AA-FE80782201B4}
	EndGlobalSection
EndGlobal
